
Microsoft Visual Studio Solution File, Format Version 12.00
# Visual Studio Version 16
VisualStudioVersion = 16.0.30002.166
MinimumVisualStudioVersion = 10.0.40219.1
Project("{FAE04EC0-301F-11D3-BF4B-00C04F79EFBC}") = "AspDotNetCoreMvcDockerDemo", "AspDotNetCoreMvcDockerDemo\AspDotNetCoreMvcDockerDemo.csproj", "{BA31EFC5-5660-486C-A005-197BFCD16670}"
EndProject
Global
	GlobalSection(SolutionConfigurationPlatforms) = preSolution
		Debug|Any CPU = Debug|Any CPU
		Release|Any CPU = Release|Any CPU
	EndGlobalSection
	GlobalSection(ProjectConfigurationPlatforms) = postSolution
		{BA31EFC5-5660-486C-A005-197BFCD16670}.Debug|Any CPU.ActiveCfg = Debug|Any CPU
		{BA31EFC5-5660-486C-A005-197BFCD16670}.Debug|Any CPU.Build.0 = Debug|Any CPU
		{BA31EFC5-5660-486C-A005-197BFCD16670}.Release|Any CPU.ActiveCfg = Release|Any CPU
		{BA31EFC5-5660-486C-A005-197BFCD16670}.Release|Any CPU.Build.0 = Release|Any CPU
	EndGlobalSection
	GlobalSection(SolutionProperties) = preSolution
		HideSolutionNode = FALSE
	EndGlobalSection
	GlobalSection(ExtensibilityGlobals) = postSolution
		SolutionGuid = {D6C05387-41D5-4728-9C91-58F97C7ADC5A}
	EndGlobalSection
EndGlobal
